#MicroXplorer Configuration settings - do not modify
#Mon Jun 16 19:54:00 CEST 2014
File.Version=1
KeepUserPlacement=false
Mcu.Family=STM32F1
Mcu.IP0=SPI1
Mcu.IP1=SYS
Mcu.IP2=USART1
Mcu.IPNb=3
Mcu.Name=STM32F101C(8-B)Tx
Mcu.Package=LQFP48
Mcu.Pin0=PA1
Mcu.Pin1=PA2
Mcu.Pin10=PA12
Mcu.Pin11=PA13
Mcu.Pin12=PA14
Mcu.Pin13=PA15
Mcu.Pin14=PB3
Mcu.Pin15=PB4
Mcu.Pin2=PA3
Mcu.Pin3=PA4
Mcu.Pin4=PA5
Mcu.Pin5=PA6
Mcu.Pin6=PA7
Mcu.Pin7=PA9
Mcu.Pin8=PA10
Mcu.Pin9=PA11
Mcu.PinsNb=16
Mcu.UserName=STM32F101C8Tx
PA1.GPIOParameters=GPIO_Speed,GPIO_Mode
PA1.GPIO_Mode=GPIO_Mode_Out_PP
PA1.GPIO_Speed=GPIO_Speed_50MHz
PA1.Signal=GPIO_Output
PA10.GPIOParameters=GPIO_Speed,GPIO_Mode
PA10.GPIO_Mode=GPIO_Mode_AF_PP
PA10.GPIO_Speed=GPIO_Speed_2MHz
PA10.Mode=Hardware-flow-control
PA10.Signal=USART1_RX
PA11.GPIOParameters=GPIO_Speed,GPIO_Mode
PA11.GPIO_Mode=GPIO_Mode_AF_PP
PA11.GPIO_Speed=GPIO_Speed_2MHz
PA11.Mode=Hardware-flow-control
PA11.Signal=USART1_CTS
PA12.GPIOParameters=GPIO_Speed,GPIO_Mode
PA12.GPIO_Mode=GPIO_Mode_AF_PP
PA12.GPIO_Speed=GPIO_Speed_2MHz
PA12.Mode=Hardware-flow-control
PA12.Signal=USART1_RTS
PA13.Mode=JTAG(5-pin)
PA13.Signal=SYS_JTMS-SWDIO
PA14.Mode=JTAG(5-pin)
PA14.Signal=SYS_JTCK-SWCLK
PA15.Mode=JTAG(5-pin)
PA15.Signal=SYS_JTDI
PA2.GPIOParameters=GPIO_Speed,GPIO_Mode
PA2.GPIO_Mode=GPIO_Mode_Out_PP
PA2.GPIO_Speed=GPIO_Speed_50MHz
PA2.Signal=GPIO_Output
PA3.GPIOParameters=GPIO_Speed,GPIO_Mode
PA3.GPIO_Mode=GPIO_Mode_Out_PP
PA3.GPIO_Speed=GPIO_Speed_50MHz
PA3.Signal=GPIO_Output
PA4.GPIOParameters=GPIO_Speed,GPIO_Mode
PA4.GPIO_Mode=GPIO_Mode_Out_PP
PA4.GPIO_Speed=GPIO_Speed_50MHz
PA4.Signal=GPIO_Output
PA5.GPIOParameters=GPIO_Speed,GPIO_Mode
PA5.GPIO_Mode=GPIO_Mode_AF_PP
PA5.GPIO_Speed=GPIO_Speed_50MHz
PA5.Mode=TX-Only-Simplex-Unidirect-Master
PA5.Signal=SPI1_SCK
PA6.GPIOParameters=GPIO_Mode
PA6.GPIO_Mode=GPIO_Mode_IPU
PA6.Signal=GPIO_Input
PA7.GPIOParameters=GPIO_Speed,GPIO_Mode
PA7.GPIO_Mode=GPIO_Mode_AF_PP
PA7.GPIO_Speed=GPIO_Speed_50MHz
PA7.Mode=TX-Only-Simplex-Unidirect-Master
PA7.Signal=SPI1_MOSI
PA9.GPIOParameters=GPIO_Speed,GPIO_Mode
PA9.GPIO_Mode=GPIO_Mode_AF_PP
PA9.GPIO_Speed=GPIO_Speed_2MHz
PA9.Mode=Hardware-flow-control
PA9.Signal=USART1_TX
PB3.Mode=JTAG(5-pin)
PB3.Signal=SYS_JTDO-TRACESWO
PB4.Mode=JTAG(5-pin)
PB4.Signal=SYS_JTRST
